<Solution>
  <Folder Name="/src/">
    <Project Path="src/CopilotProfileManager.Core/CopilotProfileManager.Core.csproj" />
    <Project Path="src/CopilotProfileManager.Shell/CopilotProfileManager.Shell.csproj" />
    <Project Path="src/CopilotProfileManager.WinUI/CopilotProfileManager.WinUI.csproj">
      <Platform Project="x86" />
    </Project>
  </Folder>
</Solution>
